// !$*UTF8*$!
{
	archiveVersion = 1;
	classes = {
	};
	objectVersion = 55;
	objects = {

/* Begin PBXBuildFile section */
		1E4DAB4E940FA3ABD4A5ACCA /* Pods_ParstagramTests.framework in Frameworks */ = {isa = PBXBuildFile; fileRef = 6AAC637167D01E585E11E8B2 /* Pods_ParstagramTests.framework */; };
		A764FCB9734FBF8EEB9125FA /* Pods_Parstagram.framework in Frameworks */ = {isa = PBXBuildFile; fileRef = 8629302FDFD75ECE7795EF26 /* Pods_Parstagram.framework */; };
		E0578C5B27DB17CE002731AD /* LoginViewController.swift in Sources */ = {isa = PBXBuildFile; fileRef = E0578C5A27DB17CE002731AD /* LoginViewController.swift */; };
		E0578C5D27DB180B002731AD /* FeedViewController.swift in Sources */ = {isa = PBXBuildFile; fileRef = E0578C5C27DB180B002731AD /* FeedViewController.swift */; };
		E0578C5F27DB2841002731AD /* CameraViewController.swift in Sources */ = {isa = PBXBuildFile; fileRef = E0578C5E27DB2841002731AD /* CameraViewController.swift */; };
		E0FBDF5327DB0ABC002FFAF6 /* AppDelegate.swift in Sources */ = {isa = PBXBuildFile; fileRef = E0FBDF5227DB0ABC002FFAF6 /* AppDelegate.swift */; };
		E0FBDF5527DB0ABC002FFAF6 /* SceneDelegate.swift in Sources */ = {isa = PBXBuildFile; fileRef = E0FBDF5427DB0ABC002FFAF6 /* SceneDelegate.swift */; };
		E0FBDF5A27DB0ABC002FFAF6 /* Main.storyboard in Resources */ = {isa = PBXBuildFile; fileRef = E0FBDF5827DB0ABC002FFAF6 /* Main.storyboard */; };
		E0FBDF5C27DB0ABD002FFAF6 /* Assets.xcassets in Resources */ = {isa = PBXBuildFile; fileRef = E0FBDF5B27DB0ABD002FFAF6 /* Assets.xcassets */; };
		E0FBDF5F27DB0ABD002FFAF6 /* LaunchScreen.storyboard in Resources */ = {isa = PBXBuildFile; fileRef = E0FBDF5D27DB0ABD002FFAF6 /* LaunchScreen.storyboard */; };
		E0FBDF6A27DB0ABD002FFAF6 /* ParstagramTests.swift in Sources */ = {isa = PBXBuildFile; fileRef = E0FBDF6927DB0ABD002FFAF6 /* ParstagramTests.swift */; };
		E0FBDF7427DB0ABD002FFAF6 /* ParstagramUITests.swift in Sources */ = {isa = PBXBuildFile; fileRef = E0FBDF7327DB0ABD002FFAF6 /* ParstagramUITests.swift */; };
		E0FBDF7627DB0ABD002FFAF6 /* ParstagramUITestsLaunchTests.swift in Sources */ = {isa = PBXBuildFile; fileRef = E0FBDF7527DB0ABD002FFAF6 /* ParstagramUITestsLaunchTests.swift */; };
		F528FF9897EDE56CFA2315BC /* Pods_Parstagram_ParstagramUITests.framework in Frameworks */ = {isa = PBXBuildFile; fileRef = 90E1330E77C080E102ED3F67 /* Pods_Parstagram_ParstagramUITests.framework */; };
/* End PBXBuildFile section */

/* Begin PBXContainerItemProxy section */
		E0FBDF6627DB0ABD002FFAF6 /* PBXContainerItemProxy */ = {
			isa = PBXContainerItemProxy;
			containerPortal = E0FBDF4727DB0ABC002FFAF6 /* Project object */;
			proxyType = 1;
			remoteGlobalIDString = E0FBDF4E27DB0ABC002FFAF6;
			remoteInfo = Parstagram;
		};
		E0FBDF7027DB0ABD002FFAF6 /* PBXContainerItemProxy */ = {
			isa = PBXContainerItemProxy;
			containerPortal = E0FBDF4727DB0ABC002FFAF6 /* Project object */;
			proxyType = 1;
			remoteGlobalIDString = E0FBDF4E27DB0ABC002FFAF6;
			remoteInfo = Parstagram;
		};
/* End PBXContainerItemProxy section */

/* Begin PBXFileReference section */
		157421017382BEFAB12658E2 /* Pods-Parstagram.debug.xcconfig */ = {isa = PBXFileReference; includeInIndex = 1; lastKnownFileType = text.xcconfig; name = "Pods-Parstagram.debug.xcconfig"; path = "Target Support Files/Pods-Parstagram/Pods-Parstagram.debug.xcconfig"; sourceTree = "<group>"; };
		18E070F64F7984AD69A751C9 /* Pods-Parstagram-ParstagramUITests.debug.xcconfig */ = {isa = PBXFileReference; includeInIndex = 1; lastKnownFileType = text.xcconfig; name = "Pods-Parstagram-ParstagramUITests.debug.xcconfig"; path = "Target Support Files/Pods-Parstagram-ParstagramUITests/Pods-Parstagram-ParstagramUITests.debug.xcconfig"; sourceTree = "<group>"; };
		5DF492074DCA303B7DA745A6 /* Pods-ParstagramTests.release.xcconfig */ = {isa = PBXFileReference; includeInIndex = 1; lastKnownFileType = text.xcconfig; name = "Pods-ParstagramTests.release.xcconfig"; path = "Target Support Files/Pods-ParstagramTests/Pods-ParstagramTests.release.xcconfig"; sourceTree = "<group>"; };
		6AAC637167D01E585E11E8B2 /* Pods_ParstagramTests.framework */ = {isa = PBXFileReference; explicitFileType = wrapper.framework; includeInIndex = 0; path = Pods_ParstagramTests.framework; sourceTree = BUILT_PRODUCTS_DIR; };
		8629302FDFD75ECE7795EF26 /* Pods_Parstagram.framework */ = {isa = PBXFileReference; explicitFileType = wrapper.framework; includeInIndex = 0; path = Pods_Parstagram.framework; sourceTree = BUILT_PRODUCTS_DIR; };
		90E1330E77C080E102ED3F67 /* Pods_Parstagram_ParstagramUITests.framework */ = {isa = PBXFileReference; explicitFileType = wrapper.framework; includeInIndex = 0; path = Pods_Parstagram_ParstagramUITests.framework; sourceTree = BUILT_PRODUCTS_DIR; };
		C2F95E56A3FE42086EB22B16 /* Pods-Parstagram-ParstagramUITests.release.xcconfig */ = {isa = PBXFileReference; includeInIndex = 1; lastKnownFileType = text.xcconfig; name = "Pods-Parstagram-ParstagramUITests.release.xcconfig"; path = "Target Support Files/Pods-Parstagram-ParstagramUITests/Pods-Parstagram-ParstagramUITests.release.xcconfig"; sourceTree = "<group>"; };
		CC205B2A5DCAF87A90D7ACC1 /* Pods-Parstagram.release.xcconfig */ = {isa = PBXFileReference; includeInIndex = 1; lastKnownFileType = text.xcconfig; name = "Pods-Parstagram.release.xcconfig"; path = "Target Support Files/Pods-Parstagram/Pods-Parstagram.release.xcconfig"; sourceTree = "<group>"; };
		E0578C5A27DB17CE002731AD /* LoginViewController.swift */ = {isa = PBXFileReference; lastKnownFileType = sourcecode.swift; path = LoginViewController.swift; sourceTree = "<group>"; };
		E0578C5C27DB180B002731AD /* FeedViewController.swift */ = {isa = PBXFileReference; lastKnownFileType = sourcecode.swift; path = FeedViewController.swift; sourceTree = "<group>"; };
		E0578C5E27DB2841002731AD /* CameraViewController.swift */ = {isa = PBXFileReference; lastKnownFileType = sourcecode.swift; path = CameraViewController.swift; sourceTree = "<group>"; };
		E0FBDF4F27DB0ABC002FFAF6 /* Parstagram.app */ = {isa = PBXFileReference; explicitFileType = wrapper.application; includeInIndex = 0; path = Parstagram.app; sourceTree = BUILT_PRODUCTS_DIR; };
		E0FBDF5227DB0ABC002FFAF6 /* AppDelegate.swift */ = {isa = PBXFileReference; lastKnownFileType = sourcecode.swift; path = AppDelegate.swift; sourceTree = "<group>"; };
		E0FBDF5427DB0ABC002FFAF6 /* SceneDelegate.swift */ = {isa = PBXFileReference; lastKnownFileType = sourcecode.swift; path = SceneDelegate.swift; sourceTree = "<group>"; };
		E0FBDF5927DB0ABC002FFAF6 /* Base */ = {isa = PBXFileReference; lastKnownFileType = file.storyboard; name = Base; path = Base.lproj/Main.storyboard; sourceTree = "<group>"; };
		E0FBDF5B27DB0ABD002FFAF6 /* Assets.xcassets */ = {isa = PBXFileReference; lastKnownFileType = folder.assetcatalog; path = Assets.xcassets; sourceTree = "<group>"; };
		E0FBDF5E27DB0ABD002FFAF6 /* Base */ = {isa = PBXFileReference; lastKnownFileType = file.storyboard; name = Base; path = Base.lproj/LaunchScreen.storyboard; sourceTree = "<group>"; };
		E0FBDF6027DB0ABD002FFAF6 /* Info.plist */ = {isa = PBXFileReference; lastKnownFileType = text.plist.xml; path = Info.plist; sourceTree = "<group>"; };
		E0FBDF6527DB0ABD002FFAF6 /* ParstagramTests.xctest */ = {isa = PBXFileReference; explicitFileType = wrapper.cfbundle; includeInIndex = 0; path = ParstagramTests.xctest; sourceTree = BUILT_PRODUCTS_DIR; };
		E0FBDF6927DB0ABD002FFAF6 /* ParstagramTests.swift */ = {isa = PBXFileReference; lastKnownFileType = sourcecode.swift; path = ParstagramTests.swift; sourceTree = "<group>"; };
		E0FBDF6F27DB0ABD002FFAF6 /* ParstagramUITests.xctest */ = {isa = PBXFileReference; explicitFileType = wrapper.cfbundle; includeInIndex = 0; path = ParstagramUITests.xctest; sourceTree = BUILT_PRODUCTS_DIR; };
		E0FBDF7327DB0ABD002FFAF6 /* ParstagramUITests.swift */ = {isa = PBXFileReference; lastKnownFileType = sourcecode.swift; path = ParstagramUITests.swift; sourceTree = "<group>"; };
		E0FBDF7527DB0ABD002FFAF6 /* ParstagramUITestsLaunchTests.swift */ = {isa = PBXFileReference; lastKnownFileType = sourcecode.swift; path = ParstagramUITestsLaunchTests.swift; sourceTree = "<group>"; };
		F942BD2283E9A6D4936C9A56 /* Pods-ParstagramTests.debug.xcconfig */ = {isa = PBXFileReference; includeInIndex = 1; lastKnownFileType = text.xcconfig; name = "Pods-ParstagramTests.debug.xcconfig"; path = "Target Support Files/Pods-ParstagramTests/Pods-ParstagramTests.debug.xcconfig"; sourceTree = "<group>"; };
/* End PBXFileReference section */

/* Begin PBXFrameworksBuildPhase section */
		E0FBDF4C27DB0ABC002FFAF6 /* Frameworks */ = {
			isa = PBXFrameworksBuildPhase;
			buildActionMask = 2147483647;
			files = (
				A764FCB9734FBF8EEB9125FA /* Pods_Parstagram.framework in Frameworks */,
			);
			runOnlyForDeploymentPostprocessing = 0;
		};
		E0FBDF6227DB0ABD002FFAF6 /* Frameworks */ = {
			isa = PBXFrameworksBuildPhase;
			buildActionMask = 2147483647;
			files = (
				1E4DAB4E940FA3ABD4A5ACCA /* Pods_ParstagramTests.framework in Frameworks */,
			);
			runOnlyForDeploymentPostprocessing = 0;
		};
		E0FBDF6C27DB0ABD002FFAF6 /* Frameworks */ = {
			isa = PBXFrameworksBuildPhase;
			buildActionMask = 2147483647;
			files = (
				F528FF9897EDE56CFA2315BC /* Pods_Parstagram_ParstagramUITests.framework in Frameworks */,
			);
			runOnlyForDeploymentPostprocessing = 0;
		};
/* End PBXFrameworksBuildPhase section */

/* Begin PBXGroup section */
		AB531C4D210D1DFC3F46C53B /* Pods */ = {
			isa = PBXGroup;
			children = (
				157421017382BEFAB12658E2 /* Pods-Parstagram.debug.xcconfig */,
				CC205B2A5DCAF87A90D7ACC1 /* Pods-Parstagram.release.xcconfig */,
				18E070F64F7984AD69A751C9 /* Pods-Parstagram-ParstagramUITests.debug.xcconfig */,
				C2F95E56A3FE42086EB22B16 /* Pods-Parstagram-ParstagramUITests.release.xcconfig */,
				F942BD2283E9A6D4936C9A56 /* Pods-ParstagramTests.debug.xcconfig */,
				5DF492074DCA303B7DA745A6 /* Pods-ParstagramTests.release.xcconfig */,
			);
			path = Pods;
			sourceTree = "<group>";
		};
		E0FBDF4627DB0ABC002FFAF6 = {
			isa = PBXGroup;
			children = (
				E0FBDF5127DB0ABC002FFAF6 /* Parstagram */,
				E0FBDF6827DB0ABD002FFAF6 /* ParstagramTests */,
				E0FBDF7227DB0ABD002FFAF6 /* ParstagramUITests */,
				E0FBDF5027DB0ABC002FFAF6 /* Products */,
				AB531C4D210D1DFC3F46C53B /* Pods */,
				F5AEB64779F34F062523E7E2 /* Frameworks */,
			);
			sourceTree = "<group>";
		};
		E0FBDF5027DB0ABC002FFAF6 /* Products */ = {
			isa = PBXGroup;
			children = (
				E0FBDF4F27DB0ABC002FFAF6 /* Parstagram.app */,
				E0FBDF6527DB0ABD002FFAF6 /* ParstagramTests.xctest */,
				E0FBDF6F27DB0ABD002FFAF6 /* ParstagramUITests.xctest */,
			);
			name = Products;
			sourceTree = "<group>";
		};
		E0FBDF5127DB0ABC002FFAF6 /* Parstagram */ = {
			isa = PBXGroup;
			children = (
				E0FBDF5227DB0ABC002FFAF6 /* AppDelegate.swift */,
				E0FBDF5427DB0ABC002FFAF6 /* SceneDelegate.swift */,
				E0FBDF5827DB0ABC002FFAF6 /* Main.storyboard */,
				E0FBDF5B27DB0ABD002FFAF6 /* Assets.xcassets */,
				E0FBDF5D27DB0ABD002FFAF6 /* LaunchScreen.storyboard */,
				E0FBDF6027DB0ABD002FFAF6 /* Info.plist */,
				E0578C5A27DB17CE002731AD /* LoginViewController.swift */,
				E0578C5C27DB180B002731AD /* FeedViewController.swift */,
				E0578C5E27DB2841002731AD /* CameraViewController.swift */,
			);
			path = Parstagram;
			sourceTree = "<group>";
		};
		E0FBDF6827DB0ABD002FFAF6 /* ParstagramTests */ = {
			isa = PBXGroup;
			children = (
				E0FBDF6927DB0ABD002FFAF6 /* ParstagramTests.swift */,
			);
			path = ParstagramTests;
			sourceTree = "<group>";
		};
		E0FBDF7227DB0ABD002FFAF6 /* ParstagramUITests */ = {
			isa = PBXGroup;
			children = (
				E0FBDF7327DB0ABD002FFAF6 /* ParstagramUITests.swift */,
				E0FBDF7527DB0ABD002FFAF6 /* ParstagramUITestsLaunchTests.swift */,
			);
			path = ParstagramUITests;
			sourceTree = "<group>";
		};
		F5AEB64779F34F062523E7E2 /* Frameworks */ = {
			isa = PBXGroup;
			children = (
				8629302FDFD75ECE7795EF26 /* Pods_Parstagram.framework */,
				90E1330E77C080E102ED3F67 /* Pods_Parstagram_ParstagramUITests.framework */,
				6AAC637167D01E585E11E8B2 /* Pods_ParstagramTests.framework */,
			);
			name = Frameworks;
			sourceTree = "<group>";
		};
/* End PBXGroup section */

/* Begin PBXNativeTarget section */
		E0FBDF4E27DB0ABC002FFAF6 /* Parstagram */ = {
			isa = PBXNativeTarget;
			buildConfigurationList = E0FBDF7927DB0ABD002FFAF6 /* Build configuration list for PBXNativeTarget "Parstagram" */;
			buildPhases = (
				B55AFF210A059610A96ABCBC /* [CP] Check Pods Manifest.lock */,
				E0FBDF4B27DB0ABC002FFAF6 /* Sources */,
				E0FBDF4C27DB0ABC002FFAF6 /* Frameworks */,
				E0FBDF4D27DB0ABC002FFAF6 /* Resources */,
				9452A88E18FA1A27B6325F57 /* [CP] Embed Pods Frameworks */,
			);
			buildRules = (
			);
			dependencies = (
			);
			name = Parstagram;
			productName = Parstagram;
			productReference = E0FBDF4F27DB0ABC002FFAF6 /* Parstagram.app */;
			productType = "com.apple.product-type.application";
		};
		E0FBDF6427DB0ABD002FFAF6 /* ParstagramTests */ = {
			isa = PBXNativeTarget;
			buildConfigurationList = E0FBDF7C27DB0ABD002FFAF6 /* Build configuration list for PBXNativeTarget "ParstagramTests" */;
			buildPhases = (
				6D09DAF11DA62D66D1F6BBC2 /* [CP] Check Pods Manifest.lock */,
				E0FBDF6127DB0ABD002FFAF6 /* Sources */,
				E0FBDF6227DB0ABD002FFAF6 /* Frameworks */,
				E0FBDF6327DB0ABD002FFAF6 /* Resources */,
			);
			buildRules = (
			);
			dependencies = (
				E0FBDF6727DB0ABD002FFAF6 /* PBXTargetDependency */,
			);
			name = ParstagramTests;
			productName = ParstagramTests;
			productReference = E0FBDF6527DB0ABD002FFAF6 /* ParstagramTests.xctest */;
			productType = "com.apple.product-type.bundle.unit-test";
		};
		E0FBDF6E27DB0ABD002FFAF6 /* ParstagramUITests */ = {
			isa = PBXNativeTarget;
			buildConfigurationList = E0FBDF7F27DB0ABD002FFAF6 /* Build configuration list for PBXNativeTarget "ParstagramUITests" */;
			buildPhases = (
				34379EC1244DF65491D21A02 /* [CP] Check Pods Manifest.lock */,
				E0FBDF6B27DB0ABD002FFAF6 /* Sources */,
				E0FBDF6C27DB0ABD002FFAF6 /* Frameworks */,
				E0FBDF6D27DB0ABD002FFAF6 /* Resources */,
				D6B795DCB514CA3E7FEB96EB /* [CP] Embed Pods Frameworks */,
			);
			buildRules = (
			);
			dependencies = (
				E0FBDF7127DB0ABD002FFAF6 /* PBXTargetDependency */,
			);
			name = ParstagramUITests;
			productName = ParstagramUITests;
			productReference = E0FBDF6F27DB0ABD002FFAF6 /* ParstagramUITests.xctest */;
			productType = "com.apple.product-type.bundle.ui-testing";
		};
/* End PBXNativeTarget section */

/* Begin PBXProject section */
		E0FBDF4727DB0ABC002FFAF6 /* Project object */ = {
			isa = PBXProject;
			attributes = {
				BuildIndependentTargetsInParallel = 1;
				LastSwiftUpdateCheck = 1320;
				LastUpgradeCheck = 1320;
				TargetAttributes = {
					E0FBDF4E27DB0ABC002FFAF6 = {
						CreatedOnToolsVersion = 13.2.1;
					};
					E0FBDF6427DB0ABD002FFAF6 = {
						CreatedOnToolsVersion = 13.2.1;
						TestTargetID = E0FBDF4E27DB0ABC002FFAF6;
					};
					E0FBDF6E27DB0ABD002FFAF6 = {
						CreatedOnToolsVersion = 13.2.1;
						TestTargetID = E0FBDF4E27DB0ABC002FFAF6;
					};
				};
			};
			buildConfigurationList = E0FBDF4A27DB0ABC002FFAF6 /* Build configuration list for PBXProject "Parstagram" */;
			compatibilityVersion = "Xcode 13.0";
			developmentRegion = en;
			hasScannedForEncodings = 0;
			knownRegions = (
				en,
				Base,
			);
			mainGroup = E0FBDF4627DB0ABC002FFAF6;
			productRefGroup = E0FBDF5027DB0ABC002FFAF6 /* Products */;
			projectDirPath = "";
			projectRoot = "";
			targets = (
				E0FBDF4E27DB0ABC002FFAF6 /* Parstagram */,
				E0FBDF6427DB0ABD002FFAF6 /* ParstagramTests */,
				E0FBDF6E27DB0ABD002FFAF6 /* ParstagramUITests */,
			);
		};
/* End PBXProject section */

/* Begin PBXResourcesBuildPhase section */
		E0FBDF4D27DB0ABC002FFAF6 /* Resources */ = {
			isa = PBXResourcesBuildPhase;
			buildActionMask = 2147483647;
			files = (
				E0FBDF5F27DB0ABD002FFAF6 /* LaunchScreen.storyboard in Resources */,
				E0FBDF5C27DB0ABD002FFAF6 /* Assets.xcassets in Resources */,
				E0FBDF5A27DB0ABC002FFAF6 /* Main.storyboard in Resources */,
			);
			runOnlyForDeploymentPostprocessing = 0;
		};
		E0FBDF6327DB0ABD002FFAF6 /* Resources */ = {
			isa = PBXResourcesBuildPhase;
			buildActionMask = 2147483647;
			files = (
			);
			runOnlyForDeploymentPostprocessing = 0;
		};
		E0FBDF6D27DB0ABD002FFAF6 /* Resources */ = {
			isa = PBXResourcesBuildPhase;
			buildActionMask = 2147483647;
			files = (
			);
			runOnlyForDeploymentPostprocessing = 0;
		};
/* End PBXResourcesBuildPhase section */

/* Begin PBXShellScriptBuildPhase section */
		34379EC1244DF65491D21A02 /* [CP] Check Pods Manifest.lock */ = {
			isa = PBXShellScriptBuildPhase;
			buildActionMask = 2147483647;
			files = (
			);
			inputFileListPaths = (
			);
			inputPaths = (
				"${PODS_PODFILE_DIR_PATH}/Podfile.lock",
				"${PODS_ROOT}/Manifest.lock",
			);
			name = "[CP] Check Pods Manifest.lock";
			outputFileListPaths = (
			);
			outputPaths = (
				"$(DERIVED_FILE_DIR)/Pods-Parstagram-ParstagramUITests-checkManifestLockResult.txt",
			);
			runOnlyForDeploymentPostprocessing = 0;
			shellPath = /bin/sh;
			shellScript = "diff \"${PODS_PODFILE_DIR_PATH}/Podfile.lock\" \"${PODS_ROOT}/Manifest.lock\" > /dev/null\nif [ $? != 0 ] ; then\n    # print error to STDERR\n    echo \"error: The sandbox is not in sync with the Podfile.lock. Run 'pod install' or update your CocoaPods installation.\" >&2\n    exit 1\nfi\n# This output is used by Xcode 'outputs' to avoid re-running this script phase.\necho \"SUCCESS\" > \"${SCRIPT_OUTPUT_FILE_0}\"\n";
			showEnvVarsInLog = 0;
		};
		6D09DAF11DA62D66D1F6BBC2 /* [CP] Check Pods Manifest.lock */ = {
			isa = PBXShellScriptBuildPhase;
			buildActionMask = 2147483647;
			files = (
			);
			inputFileListPaths = (
			);
			inputPaths = (
				"${PODS_PODFILE_DIR_PATH}/Podfile.lock",
				"${PODS_ROOT}/Manifest.lock",
			);
			name = "[CP] Check Pods Manifest.lock";
			outputFileListPaths = (
			);
			outputPaths = (
				"$(DERIVED_FILE_DIR)/Pods-ParstagramTests-checkManifestLockResult.txt",
			);
			runOnlyForDeploymentPostprocessing = 0;
			shellPath = /bin/sh;
			shellScript = "diff \"${PODS_PODFILE_DIR_PATH}/Podfile.lock\" \"${PODS_ROOT}/Manifest.lock\" > /dev/null\nif [ $? != 0 ] ; then\n    # print error to STDERR\n    echo \"error: The sandbox is not in sync with the Podfile.lock. Run 'pod install' or update your CocoaPods installation.\" >&2\n    exit 1\nfi\n# This output is used by Xcode 'outputs' to avoid re-running this script phase.\necho \"SUCCESS\" > \"${SCRIPT_OUTPUT_FILE_0}\"\n";
			showEnvVarsInLog = 0;
		};
		9452A88E18FA1A27B6325F57 /* [CP] Embed Pods Frameworks */ = {
			isa = PBXShellScriptBuildPhase;
			buildActionMask = 2147483647;
			files = (
			);
			inputFileListPaths = (
				"${PODS_ROOT}/Target Support Files/Pods-Parstagram/Pods-Parstagram-frameworks-${CONFIGURATION}-input-files.xcfilelist",
			);
			name = "[CP] Embed Pods Frameworks";
			outputFileListPaths = (
				"${PODS_ROOT}/Target Support Files/Pods-Parstagram/Pods-Parstagram-frameworks-${CONFIGURATION}-output-files.xcfilelist",
			);
			runOnlyForDeploymentPostprocessing = 0;
			shellPath = /bin/sh;
			shellScript = "\"${PODS_ROOT}/Target Support Files/Pods-Parstagram/Pods-Parstagram-frameworks.sh\"\n";
			showEnvVarsInLog = 0;
		};
		B55AFF210A059610A96ABCBC /* [CP] Check Pods Manifest.lock */ = {
			isa = PBXShellScriptBuildPhase;
			buildActionMask = 2147483647;
			files = (
			);
			inputFileListPaths = (
			);
			inputPaths = (
				"${PODS_PODFILE_DIR_PATH}/Podfile.lock",
				"${PODS_ROOT}/Manifest.lock",
			);
			name = "[CP] Check Pods Manifest.lock";
			outputFileListPaths = (
			);
			outputPaths = (
				"$(DERIVED_FILE_DIR)/Pods-Parstagram-checkManifestLockResult.txt",
			);
			runOnlyForDeploymentPostprocessing = 0;
			shellPath = /bin/sh;
			shellScript = "diff \"${PODS_PODFILE_DIR_PATH}/Podfile.lock\" \"${PODS_ROOT}/Manifest.lock\" > /dev/null\nif [ $? != 0 ] ; then\n    # print error to STDERR\n    echo \"error: The sandbox is not in sync with the Podfile.lock. Run 'pod install' or update your CocoaPods installation.\" >&2\n    exit 1\nfi\n# This output is used by Xcode 'outputs' to avoid re-running this script phase.\necho \"SUCCESS\" > \"${SCRIPT_OUTPUT_FILE_0}\"\n";
			showEnvVarsInLog = 0;
		};
		D6B795DCB514CA3E7FEB96EB /* [CP] Embed Pods Frameworks */ = {
			isa = PBXShellScriptBuildPhase;
			buildActionMask = 2147483647;
			files = (
			);
			inputFileListPaths = (
				"${PODS_ROOT}/Target Support Files/Pods-Parstagram-ParstagramUITests/Pods-Parstagram-ParstagramUITests-frameworks-${CONFIGURATION}-input-files.xcfilelist",
			);
			name = "[CP] Embed Pods Frameworks";
			outputFileListPaths = (
				"${PODS_ROOT}/Target Support Files/Pods-Parstagram-ParstagramUITests/Pods-Parstagram-ParstagramUITests-frameworks-${CONFIGURATION}-output-files.xcfilelist",
			);
			runOnlyForDeploymentPostprocessing = 0;
			shellPath = /bin/sh;
			shellScript = "\"${PODS_ROOT}/Target Support Files/Pods-Parstagram-ParstagramUITests/Pods-Parstagram-ParstagramUITests-frameworks.sh\"\n";
			showEnvVarsInLog = 0;
		};
/* End PBXShellScriptBuildPhase section */

/* Begin PBXSourcesBuildPhase section */
		E0FBDF4B27DB0ABC002FFAF6 /* Sources */ = {
			isa = PBXSourcesBuildPhase;
			buildActionMask = 2147483647;
			files = (
				E0578C5B27DB17CE002731AD /* LoginViewController.swift in Sources */,
				E0578C5F27DB2841002731AD /* CameraViewController.swift in Sources */,
				E0FBDF5327DB0ABC002FFAF6 /* AppDelegate.swift in Sources */,
				E0578C5D27DB180B002731AD /* FeedViewController.swift in Sources */,
				E0FBDF5527DB0ABC002FFAF6 /* SceneDelegate.swift in Sources */,
			);
			runOnlyForDeploymentPostprocessing = 0;
		};
		E0FBDF6127DB0ABD002FFAF6 /* Sources */ = {
			isa = PBXSourcesBuildPhase;
			buildActionMask = 2147483647;
			files = (
				E0FBDF6A27DB0ABD002FFAF6 /* ParstagramTests.swift in Sources */,
			);
			runOnlyForDeploymentPostprocessing = 0;
		};
		E0FBDF6B27DB0ABD002FFAF6 /* Sources */ = {
			isa = PBXSourcesBuildPhase;
			buildActionMask = 2147483647;
			files = (
				E0FBDF7627DB0ABD002FFAF6 /* ParstagramUITestsLaunchTests.swift in Sources */,
				E0FBDF7427DB0ABD002FFAF6 /* ParstagramUITests.swift in Sources */,
			);
			runOnlyForDeploymentPostprocessing = 0;
		};
/* End PBXSourcesBuildPhase section */

/* Begin PBXTargetDependency section */
		E0FBDF6727DB0ABD002FFAF6 /* PBXTargetDependency */ = {
			isa = PBXTargetDependency;
			target = E0FBDF4E27DB0ABC002FFAF6 /* Parstagram */;
			targetProxy = E0FBDF6627DB0ABD002FFAF6 /* PBXContainerItemProxy */;
		};
		E0FBDF7127DB0ABD002FFAF6 /* PBXTargetDependency */ = {
			isa = PBXTargetDependency;
			target = E0FBDF4E27DB0ABC002FFAF6 /* Parstagram */;
			targetProxy = E0FBDF7027DB0ABD002FFAF6 /* PBXContainerItemProxy */;
		};
/* End PBXTargetDependency section */

/* Begin PBXVariantGroup section */
		E0FBDF5827DB0ABC002FFAF6 /* Main.storyboard */ = {
			isa = PBXVariantGroup;
			children = (
				E0FBDF5927DB0ABC002FFAF6 /* Base */,
			);
			name = Main.storyboard;
			sourceTree = "<group>";
		};
		E0FBDF5D27DB0ABD002FFAF6 /* LaunchScreen.storyboard */ = {
			isa = PBXVariantGroup;
			children = (
				E0FBDF5E27DB0ABD002FFAF6 /* Base */,
			);
			name = LaunchScreen.storyboard;
			sourceTree = "<group>";
		};
/* End PBXVariantGroup section */

/* Begin XCBuildConfiguration section */
		E0FBDF7727DB0ABD002FFAF6 /* Debug */ = {
			isa = XCBuildConfiguration;
			buildSettings = {
				ALWAYS_SEARCH_USER_PATHS = NO;
				CLANG_ANALYZER_NONNULL = YES;
				CLANG_ANALYZER_NUMBER_OBJECT_CONVERSION = YES_AGGRESSIVE;
				CLANG_CXX_LANGUAGE_STANDARD = "gnu++17";
				CLANG_CXX_LIBRARY = "libc++";
				CLANG_ENABLE_MODULES = YES;
				CLANG_ENABLE_OBJC_ARC = YES;
				CLANG_ENABLE_OBJC_WEAK = YES;
				CLANG_WARN_BLOCK_CAPTURE_AUTORELEASING = YES;
				CLANG_WARN_BOOL_CONVERSION = YES;
				CLANG_WARN_COMMA = YES;
				CLANG_WARN_CONSTANT_CONVERSION = YES;
				CLANG_WARN_DEPRECATED_OBJC_IMPLEMENTATIONS = YES;
				CLANG_WARN_DIRECT_OBJC_ISA_USAGE = YES_ERROR;
				CLANG_WARN_DOCUMENTATION_COMMENTS = YES;
				CLANG_WARN_EMPTY_BODY = YES;
				CLANG_WARN_ENUM_CONVERSION = YES;
				CLANG_WARN_INFINITE_RECURSION = YES;
				CLANG_WARN_INT_CONVERSION = YES;
				CLANG_WARN_NON_LITERAL_NULL_CONVERSION = YES;
				CLANG_WARN_OBJC_IMPLICIT_RETAIN_SELF = YES;
				CLANG_WARN_OBJC_LITERAL_CONVERSION = YES;
				CLANG_WARN_OBJC_ROOT_CLASS = YES_ERROR;
				CLANG_WARN_QUOTED_INCLUDE_IN_FRAMEWORK_HEADER = YES;
				CLANG_WARN_RANGE_LOOP_ANALYSIS = YES;
				CLANG_WARN_STRICT_PROTOTYPES = YES;
				CLANG_WARN_SUSPICIOUS_MOVE = YES;
				CLANG_WARN_UNGUARDED_AVAILABILITY = YES_AGGRESSIVE;
				CLANG_WARN_UNREACHABLE_CODE = YES;
				CLANG_WARN__DUPLICATE_METHOD_MATCH = YES;
				COPY_PHASE_STRIP = NO;
				DEBUG_INFORMATION_FORMAT = dwarf;
				ENABLE_STRICT_OBJC_MSGSEND = YES;
				ENABLE_TESTABILITY = YES;
				GCC_C_LANGUAGE_STANDARD = gnu11;
				GCC_DYNAMIC_NO_PIC = NO;
				GCC_NO_COMMON_BLOCKS = YES;
				GCC_OPTIMIZATION_LEVEL = 0;
				GCC_PREPROCESSOR_DEFINITIONS = (
					"DEBUG=1",
					"$(inherited)",
				);
				GCC_WARN_64_TO_32_BIT_CONVERSION = YES;
				GCC_WARN_ABOUT_RETURN_TYPE = YES_ERROR;
				GCC_WARN_UNDECLARED_SELECTOR = YES;
				GCC_WARN_UNINITIALIZED_AUTOS = YES_AGGRESSIVE;
				GCC_WARN_UNUSED_FUNCTION = YES;
				GCC_WARN_UNUSED_VARIABLE = YES;
				IPHONEOS_DEPLOYMENT_TARGET = 15.2;
				MTL_ENABLE_DEBUG_INFO = INCLUDE_SOURCE;
				MTL_FAST_MATH = YES;
				ONLY_ACTIVE_ARCH = YES;
				SDKROOT = iphoneos;
				SWIFT_ACTIVE_COMPILATION_CONDITIONS = DEBUG;
				SWIFT_OPTIMIZATION_LEVEL = "-Onone";
			};
			name = Debug;
		};
		E0FBDF7827DB0ABD002FFAF6 /* Release */ = {
			isa = XCBuildConfiguration;
			buildSettings = {
				ALWAYS_SEARCH_USER_PATHS = NO;
				CLANG_ANALYZER_NONNULL = YES;
				CLANG_ANALYZER_NUMBER_OBJECT_CONVERSION = YES_AGGRESSIVE;
				CLANG_CXX_LANGUAGE_STANDARD = "gnu++17";
				CLANG_CXX_LIBRARY = "libc++";
				CLANG_ENABLE_MODULES = YES;
				CLANG_ENABLE_OBJC_ARC = YES;
				CLANG_ENABLE_OBJC_WEAK = YES;
				CLANG_WARN_BLOCK_CAPTURE_AUTORELEASING = YES;
				CLANG_WARN_BOOL_CONVERSION = YES;
				CLANG_WARN_COMMA = YES;
				CLANG_WARN_CONSTANT_CONVERSION = YES;
				CLANG_WARN_DEPRECATED_OBJC_IMPLEMENTATIONS = YES;
				CLANG_WARN_DIRECT_OBJC_ISA_USAGE = YES_ERROR;
				CLANG_WARN_DOCUMENTATION_COMMENTS = YES;
				CLANG_WARN_EMPTY_BODY = YES;
				CLANG_WARN_ENUM_CONVERSION = YES;
				CLANG_WARN_INFINITE_RECURSION = YES;
				CLANG_WARN_INT_CONVERSION = YES;
				CLANG_WARN_NON_LITERAL_NULL_CONVERSION = YES;
				CLANG_WARN_OBJC_IMPLICIT_RETAIN_SELF = YES;
				CLANG_WARN_OBJC_LITERAL_CONVERSION = YES;
				CLANG_WARN_OBJC_ROOT_CLASS = YES_ERROR;
				CLANG_WARN_QUOTED_INCLUDE_IN_FRAMEWORK_HEADER = YES;
				CLANG_WARN_RANGE_LOOP_ANALYSIS = YES;
				CLANG_WARN_STRICT_PROTOTYPES = YES;
				CLANG_WARN_SUSPICIOUS_MOVE = YES;
				CLANG_WARN_UNGUARDED_AVAILABILITY = YES_AGGRESSIVE;
				CLANG_WARN_UNREACHABLE_CODE = YES;
				CLANG_WARN__DUPLICATE_METHOD_MATCH = YES;
				COPY_PHASE_STRIP = NO;
				DEBUG_INFORMATION_FORMAT = "dwarf-with-dsym";
				ENABLE_NS_ASSERTIONS = NO;
				ENABLE_STRICT_OBJC_MSGSEND = YES;
				GCC_C_LANGUAGE_STANDARD = gnu11;
				GCC_NO_COMMON_BLOCKS = YES;
				GCC_WARN_64_TO_32_BIT_CONVERSION = YES;
				GCC_WARN_ABOUT_RETURN_TYPE = YES_ERROR;
				GCC_WARN_UNDECLARED_SELECTOR = YES;
				GCC_WARN_UNINITIALIZED_AUTOS = YES_AGGRESSIVE;
				GCC_WARN_UNUSED_FUNCTION = YES;
				GCC_WARN_UNUSED_VARIABLE = YES;
				IPHONEOS_DEPLOYMENT_TARGET = 15.2;
				MTL_ENABLE_DEBUG_INFO = NO;
				MTL_FAST_MATH = YES;
				SDKROOT = iphoneos;
				SWIFT_COMPILATION_MODE = wholemodule;
				SWIFT_OPTIMIZATION_LEVEL = "-O";
				VALIDATE_PRODUCT = YES;
			};
			name = Release;
		};
		E0FBDF7A27DB0ABD002FFAF6 /* Debug */ = {
			isa = XCBuildConfiguration;
			baseConfigurationReference = 157421017382BEFAB12658E2 /* Pods-Parstagram.debug.xcconfig */;
			buildSettings = {
				ASSETCATALOG_COMPILER_APPICON_NAME = AppIcon;
				ASSETCATALOG_COMPILER_GLOBAL_ACCENT_COLOR_NAME = AccentColor;
				CODE_SIGN_STYLE = Automatic;
				CURRENT_PROJECT_VERSION = 1;
				DEVELOPMENT_TEAM = 97RRN2Z8Y7;
				GENERATE_INFOPLIST_FILE = YES;
				INFOPLIST_FILE = Parstagram/Info.plist;
				INFOPLIST_KEY_UIApplicationSupportsIndirectInputEvents = YES;
				INFOPLIST_KEY_UILaunchStoryboardName = LaunchScreen;
				INFOPLIST_KEY_UIMainStoryboardFile = Main;
				INFOPLIST_KEY_UISupportedInterfaceOrientations_iPad = "UIInterfaceOrientationPortrait UIInterfaceOrientationPortraitUpsideDown UIInterfaceOrientationLandscapeLeft UIInterfaceOrientationLandscapeRight";
				INFOPLIST_KEY_UISupportedInterfaceOrientations_iPhone = "UIInterfaceOrientationPortrait UIInterfaceOrientationLandscapeLeft UIInterfaceOrientationLandscapeRight";
				LD_RUNPATH_SEARCH_PATHS = (
					"$(inherited)",
					"@executable_path/Frameworks",
				);
				MARKETING_VERSION = 1.0;
				PRODUCT_BUNDLE_IDENTIFIER = com.ntalieq.Parstagram;
				PRODUCT_NAME = "$(TARGET_NAME)";
				SWIFT_EMIT_LOC_STRINGS = YES;
				SWIFT_VERSION = 5.0;
				TARGETED_DEVICE_FAMILY = "1,2";
			};
			name = Debug;
		};
		E0FBDF7B27DB0ABD002FFAF6 /* Release */ = {
			isa = XCBuildConfiguration;
			baseConfigurationReference = CC205B2A5DCAF87A90D7ACC1 /* Pods-Parstagram.release.xcconfig */;
			buildSettings = {
				ASSETCATALOG_COMPILER_APPICON_NAME = AppIcon;
				ASSETCATALOG_COMPILER_GLOBAL_ACCENT_COLOR_NAME = AccentColor;
				CODE_SIGN_STYLE = Automatic;
				CURRENT_PROJECT_VERSION = 1;
				DEVELOPMENT_TEAM = 97RRN2Z8Y7;
				GENERATE_INFOPLIST_FILE = YES;
				INFOPLIST_FILE = Parstagram/Info.plist;
				INFOPLIST_KEY_UIApplicationSupportsIndirectInputEvents = YES;
				INFOPLIST_KEY_UILaunchStoryboardName = LaunchScreen;
				INFOPLIST_KEY_UIMainStoryboardFile = Main;
				INFOPLIST_KEY_UISupportedInterfaceOrientations_iPad = "UIInterfaceOrientationPortrait UIInterfaceOrientationPortraitUpsideDown UIInterfaceOrientationLandscapeLeft UIInterfaceOrientationLandscapeRight";
				INFOPLIST_KEY_UISupportedInterfaceOrientations_iPhone = "UIInterfaceOrientationPortrait UIInterfaceOrientationLandscapeLeft UIInterfaceOrientationLandscapeRight";
				LD_RUNPATH_SEARCH_PATHS = (
					"$(inherited)",
					"@executable_path/Frameworks",
				);
				MARKETING_VERSION = 1.0;
				PRODUCT_BUNDLE_IDENTIFIER = com.ntalieq.Parstagram;
				PRODUCT_NAME = "$(TARGET_NAME)";
				SWIFT_EMIT_LOC_STRINGS = YES;
				SWIFT_VERSION = 5.0;
				TARGETED_DEVICE_FAMILY = "1,2";
			};
			name = Release;
		};
		E0FBDF7D27DB0ABD002FFAF6 /* Debug */ = {
			isa = XCBuildConfiguration;
			baseConfigurationReference = F942BD2283E9A6D4936C9A56 /* Pods-ParstagramTests.debug.xcconfig */;
			buildSettings = {
				ALWAYS_EMBED_SWIFT_STANDARD_LIBRARIES = YES;
				BUNDLE_LOADER = "$(TEST_HOST)";
				CODE_SIGN_STYLE = Automatic;
				CURRENT_PROJECT_VERSION = 1;
				DEVELOPMENT_TEAM = 97RRN2Z8Y7;
				GENERATE_INFOPLIST_FILE = YES;
				IPHONEOS_DEPLOYMENT_TARGET = 15.2;
				MARKETING_VERSION = 1.0;
				PRODUCT_BUNDLE_IDENTIFIER = com.ntalieq.ParstagramTests;
				PRODUCT_NAME = "$(TARGET_NAME)";
				SWIFT_EMIT_LOC_STRINGS = NO;
				SWIFT_VERSION = 5.0;
				TARGETED_DEVICE_FAMILY = "1,2";
				TEST_HOST = "$(BUILT_PRODUCTS_DIR)/Parstagram.app/Parstagram";
			};
			name = Debug;
		};
		E0FBDF7E27DB0ABD002FFAF6 /* Release */ = {
			isa = XCBuildConfiguration;
			baseConfigurationReference = 5DF492074DCA303B7DA745A6 /* Pods-ParstagramTests.release.xcconfig */;
			buildSettings = {
				ALWAYS_EMBED_SWIFT_STANDARD_LIBRARIES = YES;
				BUNDLE_LOADER = "$(TEST_HOST)";
				CODE_SIGN_STYLE = Automatic;
				CURRENT_PROJECT_VERSION = 1;
				DEVELOPMENT_TEAM = 97RRN2Z8Y7;
				GENERATE_INFOPLIST_FILE = YES;
				IPHONEOS_DEPLOYMENT_TARGET = 15.2;
				MARKETING_VERSION = 1.0;
				PRODUCT_BUNDLE_IDENTIFIER = com.ntalieq.ParstagramTests;
				PRODUCT_NAME = "$(TARGET_NAME)";
				SWIFT_EMIT_LOC_STRINGS = NO;
				SWIFT_VERSION = 5.0;
				TARGETED_DEVICE_FAMILY = "1,2";
				TEST_HOST = "$(BUILT_PRODUCTS_DIR)/Parstagram.app/Parstagram";
			};
			name = Release;
		};
		E0FBDF8027DB0ABD002FFAF6 /* Debug */ = {
			isa = XCBuildConfiguration;
			baseConfigurationReference = 18E070F64F7984AD69A751C9 /* Pods-Parstagram-ParstagramUITests.debug.xcconfig */;
			buildSettings = {
				ALWAYS_EMBED_SWIFT_STANDARD_LIBRARIES = YES;
				CODE_SIGN_STYLE = Automatic;
				CURRENT_PROJECT_VERSION = 1;
				DEVELOPMENT_TEAM = 97RRN2Z8Y7;
				GENERATE_INFOPLIST_FILE = YES;
				MARKETING_VERSION = 1.0;
				PRODUCT_BUNDLE_IDENTIFIER = com.ntalieq.ParstagramUITests;
				PRODUCT_NAME = "$(TARGET_NAME)";
				SWIFT_EMIT_LOC_STRINGS = NO;
				SWIFT_VERSION = 5.0;
				TARGETED_DEVICE_FAMILY = "1,2";
				TEST_TARGET_NAME = Parstagram;
			};
			name = Debug;
		};
		E0FBDF8127DB0ABD002FFAF6 /* Release */ = {
			isa = XCBuildConfiguration;
			baseConfigurationReference = C2F95E56A3FE42086EB22B16 /* Pods-Parstagram-ParstagramUITests.release.xcconfig */;
			buildSettings = {
				ALWAYS_EMBED_SWIFT_STANDARD_LIBRARIES = YES;
				CODE_SIGN_STYLE = Automatic;
				CURRENT_PROJECT_VERSION = 1;
				DEVELOPMENT_TEAM = 97RRN2Z8Y7;
				GENERATE_INFOPLIST_FILE = YES;
				MARKETING_VERSION = 1.0;
				PRODUCT_BUNDLE_IDENTIFIER = com.ntalieq.ParstagramUITests;
				PRODUCT_NAME = "$(TARGET_NAME)";
				SWIFT_EMIT_LOC_STRINGS = NO;
				SWIFT_VERSION = 5.0;
				TARGETED_DEVICE_FAMILY = "1,2";
				TEST_TARGET_NAME = Parstagram;
			};
			name = Release;
		};
/* End XCBuildConfiguration section */

/* Begin XCConfigurationList section */
		E0FBDF4A27DB0ABC002FFAF6 /* Build configuration list for PBXProject "Parstagram" */ = {
			isa = XCConfigurationList;
			buildConfigurations = (
				E0FBDF7727DB0ABD002FFAF6 /* Debug */,
				E0FBDF7827DB0ABD002FFAF6 /* Release */,
			);
			defaultConfigurationIsVisible = 0;
			defaultConfigurationName = Release;
		};
		E0FBDF7927DB0ABD002FFAF6 /* Build configuration list for PBXNativeTarget "Parstagram" */ = {
			isa = XCConfigurationList;
			buildConfigurations = (
				E0FBDF7A27DB0ABD002FFAF6 /* Debug */,
				E0FBDF7B27DB0ABD002FFAF6 /* Release */,
			);
			defaultConfigurationIsVisible = 0;
			defaultConfigurationName = Release;
		};
		E0FBDF7C27DB0ABD002FFAF6 /* Build configuration list for PBXNativeTarget "ParstagramTests" */ = {
			isa = XCConfigurationList;
			buildConfigurations = (
				E0FBDF7D27DB0ABD002FFAF6 /* Debug */,
				E0FBDF7E27DB0ABD002FFAF6 /* Release */,
			);
			defaultConfigurationIsVisible = 0;
			defaultConfigurationName = Release;
		};
		E0FBDF7F27DB0ABD002FFAF6 /* Build configuration list for PBXNativeTarget "ParstagramUITests" */ = {
			isa = XCConfigurationList;
			buildConfigurations = (
				E0FBDF8027DB0ABD002FFAF6 /* Debug */,
				E0FBDF8127DB0ABD002FFAF6 /* Release */,
			);
			defaultConfigurationIsVisible = 0;
			defaultConfigurationName = Release;
		};
/* End XCConfigurationList section */
	};
	rootObject = E0FBDF4727DB0ABC002FFAF6 /* Project object */;
}
